
Microsoft Visual Studio Solution File, Format Version 12.00
# Visual Studio Version 16
VisualStudioVersion = 16.0.32510.428
MinimumVisualStudioVersion = 10.0.40219.1
Project("{2150E333-8FDC-42A3-9474-1A3956D46DE8}") = "ApiGateways", "ApiGateways", "{70BC8BAE-0A9F-466C-BF94-5CD4DECBB5FA}"
EndProject
Project("{2150E333-8FDC-42A3-9474-1A3956D46DE8}") = "Services", "Services", "{144E084C-2701-45EF-B1A1-D37C45C033F5}"
EndProject
Project("{2150E333-8FDC-42A3-9474-1A3956D46DE8}") = "WebApps", "WebApps", "{2B8B3349-89F0-42CD-8ED8-8AE7104C41A4}"
EndProject
Project("{2150E333-8FDC-42A3-9474-1A3956D46DE8}") = "BuildingBlocks", "BuildingBlocks", "{41949AF8-F423-4309-ADBD-0BE25262D1FE}"
EndProject
Project("{2150E333-8FDC-42A3-9474-1A3956D46DE8}") = "Catalog", "Catalog", "{F34EADE4-393E-4FF4-B59B-C0B7E0E21D86}"
EndProject
Project("{9A19103F-16F7-4668-BE54-9A1E7A4F7556}") = "Catalog.API", "Services\Catalog\Catalog.API\Catalog.API.csproj", "{1A2637A7-BE3A-4136-918A-361AD87E2D31}"
EndProject
Project("{E53339B2-1760-4266-BCC7-CA923CBCF16C}") = "docker-compose", "docker-compose.dcproj", "{74FE3819-7643-43A5-B523-86AE37BC522B}"
EndProject
Project("{2150E333-8FDC-42A3-9474-1A3956D46DE8}") = "Basket", "Basket", "{4509EA9F-F45C-4D91-8FD6-FD7AF36D5C85}"
EndProject
Project("{9A19103F-16F7-4668-BE54-9A1E7A4F7556}") = "Basket.API", "Services\Basket\Basket.API\Basket.API.csproj", "{CF4299E2-1A28-4CAE-9466-A252DAD08FAD}"
EndProject
Project("{2150E333-8FDC-42A3-9474-1A3956D46DE8}") = "Discount", "Discount", "{4C3CAB3B-3C85-48D6-A87C-329642CAF475}"
EndProject
Project("{9A19103F-16F7-4668-BE54-9A1E7A4F7556}") = "Discount.API", "Services\Discount\Discount.API\Discount.API.csproj", "{D122F3AC-1551-41A3-8451-95A2B5682423}"
EndProject
Project("{9A19103F-16F7-4668-BE54-9A1E7A4F7556}") = "Discount.Grpc", "Services\Discount\Discount.Grpc\Discount.Grpc.csproj", "{98BF68E7-FDD1-47C4-980C-7CC41F9A4A6A}"
EndProject
Project("{2150E333-8FDC-42A3-9474-1A3956D46DE8}") = "Ordering", "Ordering", "{C4B06D18-2B58-48C8-8652-717F0A1E011F}"
EndProject
Project("{9A19103F-16F7-4668-BE54-9A1E7A4F7556}") = "Ordering.API", "Services\Ordering\Ordering.API\Ordering.API.csproj", "{70B1F298-A1A2-4060-9516-40ECD155EE2A}"
EndProject
Project("{9A19103F-16F7-4668-BE54-9A1E7A4F7556}") = "Ordering.Domain", "Services\Ordering\Ordering.Domain\Ordering.Domain.csproj", "{8663A011-0FB4-4E15-9FD1-9497FB68D7D9}"
EndProject
Project("{9A19103F-16F7-4668-BE54-9A1E7A4F7556}") = "Ordering.Application", "Services\Ordering\Ordering.Application\Ordering.Application.csproj", "{1883585E-E624-4824-ABC6-D6F1E6808669}"
EndProject
Project("{9A19103F-16F7-4668-BE54-9A1E7A4F7556}") = "Ordering.Infrastructure", "Services\Ordering\Ordering.Infrastructure\Ordering.Infrastructure.csproj", "{3858EBE5-DB19-4803-B013-AED1C5AFD35B}"
EndProject
Project("{9A19103F-16F7-4668-BE54-9A1E7A4F7556}") = "EventBus.Messages", "BuildingBlocks\EventBus.Messages\EventBus.Messages.csproj", "{B199660B-C2FB-44A0-83D8-87158DA3F75D}"
EndProject
Project("{FAE04EC0-301F-11D3-BF4B-00C04F79EFBC}") = "OcelotApiGw", "ApiGateways\OcelotApiGw\OcelotApiGw.csproj", "{80AAE664-E4EE-45AE-8D61-B70B78F788E4}"
EndProject
Global
	GlobalSection(SolutionConfigurationPlatforms) = preSolution
		Debug|Any CPU = Debug|Any CPU
		Release|Any CPU = Release|Any CPU
	EndGlobalSection
	GlobalSection(ProjectConfigurationPlatforms) = postSolution
		{1A2637A7-BE3A-4136-918A-361AD87E2D31}.Debug|Any CPU.ActiveCfg = Debug|Any CPU
		{1A2637A7-BE3A-4136-918A-361AD87E2D31}.Debug|Any CPU.Build.0 = Debug|Any CPU
		{1A2637A7-BE3A-4136-918A-361AD87E2D31}.Release|Any CPU.ActiveCfg = Release|Any CPU
		{1A2637A7-BE3A-4136-918A-361AD87E2D31}.Release|Any CPU.Build.0 = Release|Any CPU
		{74FE3819-7643-43A5-B523-86AE37BC522B}.Debug|Any CPU.ActiveCfg = Debug|Any CPU
		{74FE3819-7643-43A5-B523-86AE37BC522B}.Debug|Any CPU.Build.0 = Debug|Any CPU
		{74FE3819-7643-43A5-B523-86AE37BC522B}.Release|Any CPU.ActiveCfg = Release|Any CPU
		{74FE3819-7643-43A5-B523-86AE37BC522B}.Release|Any CPU.Build.0 = Release|Any CPU
		{CF4299E2-1A28-4CAE-9466-A252DAD08FAD}.Debug|Any CPU.ActiveCfg = Debug|Any CPU
		{CF4299E2-1A28-4CAE-9466-A252DAD08FAD}.Debug|Any CPU.Build.0 = Debug|Any CPU
		{CF4299E2-1A28-4CAE-9466-A252DAD08FAD}.Release|Any CPU.ActiveCfg = Release|Any CPU
		{CF4299E2-1A28-4CAE-9466-A252DAD08FAD}.Release|Any CPU.Build.0 = Release|Any CPU
		{D122F3AC-1551-41A3-8451-95A2B5682423}.Debug|Any CPU.ActiveCfg = Debug|Any CPU
		{D122F3AC-1551-41A3-8451-95A2B5682423}.Debug|Any CPU.Build.0 = Debug|Any CPU
		{D122F3AC-1551-41A3-8451-95A2B5682423}.Release|Any CPU.ActiveCfg = Release|Any CPU
		{D122F3AC-1551-41A3-8451-95A2B5682423}.Release|Any CPU.Build.0 = Release|Any CPU
		{98BF68E7-FDD1-47C4-980C-7CC41F9A4A6A}.Debug|Any CPU.ActiveCfg = Debug|Any CPU
		{98BF68E7-FDD1-47C4-980C-7CC41F9A4A6A}.Debug|Any CPU.Build.0 = Debug|Any CPU
		{98BF68E7-FDD1-47C4-980C-7CC41F9A4A6A}.Release|Any CPU.ActiveCfg = Release|Any CPU
		{98BF68E7-FDD1-47C4-980C-7CC41F9A4A6A}.Release|Any CPU.Build.0 = Release|Any CPU
		{70B1F298-A1A2-4060-9516-40ECD155EE2A}.Debug|Any CPU.ActiveCfg = Debug|Any CPU
		{70B1F298-A1A2-4060-9516-40ECD155EE2A}.Debug|Any CPU.Build.0 = Debug|Any CPU
		{70B1F298-A1A2-4060-9516-40ECD155EE2A}.Release|Any CPU.ActiveCfg = Release|Any CPU
		{70B1F298-A1A2-4060-9516-40ECD155EE2A}.Release|Any CPU.Build.0 = Release|Any CPU
		{8663A011-0FB4-4E15-9FD1-9497FB68D7D9}.Debug|Any CPU.ActiveCfg = Debug|Any CPU
		{8663A011-0FB4-4E15-9FD1-9497FB68D7D9}.Debug|Any CPU.Build.0 = Debug|Any CPU
		{8663A011-0FB4-4E15-9FD1-9497FB68D7D9}.Release|Any CPU.ActiveCfg = Release|Any CPU
		{8663A011-0FB4-4E15-9FD1-9497FB68D7D9}.Release|Any CPU.Build.0 = Release|Any CPU
		{1883585E-E624-4824-ABC6-D6F1E6808669}.Debug|Any CPU.ActiveCfg = Debug|Any CPU
		{1883585E-E624-4824-ABC6-D6F1E6808669}.Debug|Any CPU.Build.0 = Debug|Any CPU
		{1883585E-E624-4824-ABC6-D6F1E6808669}.Release|Any CPU.ActiveCfg = Release|Any CPU
		{1883585E-E624-4824-ABC6-D6F1E6808669}.Release|Any CPU.Build.0 = Release|Any CPU
		{3858EBE5-DB19-4803-B013-AED1C5AFD35B}.Debug|Any CPU.ActiveCfg = Debug|Any CPU
		{3858EBE5-DB19-4803-B013-AED1C5AFD35B}.Debug|Any CPU.Build.0 = Debug|Any CPU
		{3858EBE5-DB19-4803-B013-AED1C5AFD35B}.Release|Any CPU.ActiveCfg = Release|Any CPU
		{3858EBE5-DB19-4803-B013-AED1C5AFD35B}.Release|Any CPU.Build.0 = Release|Any CPU
		{B199660B-C2FB-44A0-83D8-87158DA3F75D}.Debug|Any CPU.ActiveCfg = Debug|Any CPU
		{B199660B-C2FB-44A0-83D8-87158DA3F75D}.Debug|Any CPU.Build.0 = Debug|Any CPU
		{B199660B-C2FB-44A0-83D8-87158DA3F75D}.Release|Any CPU.ActiveCfg = Release|Any CPU
		{B199660B-C2FB-44A0-83D8-87158DA3F75D}.Release|Any CPU.Build.0 = Release|Any CPU
		{80AAE664-E4EE-45AE-8D61-B70B78F788E4}.Debug|Any CPU.ActiveCfg = Debug|Any CPU
		{80AAE664-E4EE-45AE-8D61-B70B78F788E4}.Debug|Any CPU.Build.0 = Debug|Any CPU
		{80AAE664-E4EE-45AE-8D61-B70B78F788E4}.Release|Any CPU.ActiveCfg = Release|Any CPU
		{80AAE664-E4EE-45AE-8D61-B70B78F788E4}.Release|Any CPU.Build.0 = Release|Any CPU
	EndGlobalSection
	GlobalSection(SolutionProperties) = preSolution
		HideSolutionNode = FALSE
	EndGlobalSection
	GlobalSection(NestedProjects) = preSolution
		{F34EADE4-393E-4FF4-B59B-C0B7E0E21D86} = {144E084C-2701-45EF-B1A1-D37C45C033F5}
		{1A2637A7-BE3A-4136-918A-361AD87E2D31} = {F34EADE4-393E-4FF4-B59B-C0B7E0E21D86}
		{4509EA9F-F45C-4D91-8FD6-FD7AF36D5C85} = {144E084C-2701-45EF-B1A1-D37C45C033F5}
		{CF4299E2-1A28-4CAE-9466-A252DAD08FAD} = {4509EA9F-F45C-4D91-8FD6-FD7AF36D5C85}
		{4C3CAB3B-3C85-48D6-A87C-329642CAF475} = {144E084C-2701-45EF-B1A1-D37C45C033F5}
		{D122F3AC-1551-41A3-8451-95A2B5682423} = {4C3CAB3B-3C85-48D6-A87C-329642CAF475}
		{98BF68E7-FDD1-47C4-980C-7CC41F9A4A6A} = {4C3CAB3B-3C85-48D6-A87C-329642CAF475}
		{C4B06D18-2B58-48C8-8652-717F0A1E011F} = {144E084C-2701-45EF-B1A1-D37C45C033F5}
		{70B1F298-A1A2-4060-9516-40ECD155EE2A} = {C4B06D18-2B58-48C8-8652-717F0A1E011F}
		{8663A011-0FB4-4E15-9FD1-9497FB68D7D9} = {C4B06D18-2B58-48C8-8652-717F0A1E011F}
		{1883585E-E624-4824-ABC6-D6F1E6808669} = {C4B06D18-2B58-48C8-8652-717F0A1E011F}
		{3858EBE5-DB19-4803-B013-AED1C5AFD35B} = {C4B06D18-2B58-48C8-8652-717F0A1E011F}
		{B199660B-C2FB-44A0-83D8-87158DA3F75D} = {41949AF8-F423-4309-ADBD-0BE25262D1FE}
		{80AAE664-E4EE-45AE-8D61-B70B78F788E4} = {70BC8BAE-0A9F-466C-BF94-5CD4DECBB5FA}
	EndGlobalSection
	GlobalSection(ExtensibilityGlobals) = postSolution
		SolutionGuid = {7BB90D95-E1B7-4B19-B52A-D2AB582D6B3E}
	EndGlobalSection
EndGlobal
